
Microsoft Visual Studio Solution File, Format Version 12.00
# Visual Studio Version 16
VisualStudioVersion = 16.0.29613.14
MinimumVisualStudioVersion = 10.0.40219.1
Project("{FAE04EC0-301F-11D3-BF4B-00C04F79EFBC}") = "OC-7", "OC-7\OC-7.csproj", "{4A232353-221C-492F-80A5-A3198ECC6D50}"
EndProject
Project("{FAE04EC0-301F-11D3-BF4B-00C04F79EFBC}") = "ReadFile.Tests", "OC-7.Tests\ReadFile.Tests.csproj", "{ADD09437-DD22-497A-86D5-858CB279E672}"
EndProject
Global
	GlobalSection(SolutionConfigurationPlatforms) = preSolution
		Debug|Any CPU = Debug|Any CPU
		Release|Any CPU = Release|Any CPU
	EndGlobalSection
	GlobalSection(ProjectConfigurationPlatforms) = postSolution
		{4A232353-221C-492F-80A5-A3198ECC6D50}.Debug|Any CPU.ActiveCfg = Debug|Any CPU
		{4A232353-221C-492F-80A5-A3198ECC6D50}.Debug|Any CPU.Build.0 = Debug|Any CPU
		{4A232353-221C-492F-80A5-A3198ECC6D50}.Release|Any CPU.ActiveCfg = Release|Any CPU
		{4A232353-221C-492F-80A5-A3198ECC6D50}.Release|Any CPU.Build.0 = Release|Any CPU
		{ADD09437-DD22-497A-86D5-858CB279E672}.Debug|Any CPU.ActiveCfg = Debug|Any CPU
		{ADD09437-DD22-497A-86D5-858CB279E672}.Debug|Any CPU.Build.0 = Debug|Any CPU
		{ADD09437-DD22-497A-86D5-858CB279E672}.Release|Any CPU.ActiveCfg = Release|Any CPU
		{ADD09437-DD22-497A-86D5-858CB279E672}.Release|Any CPU.Build.0 = Release|Any CPU
	EndGlobalSection
	GlobalSection(SolutionProperties) = preSolution
		HideSolutionNode = FALSE
	EndGlobalSection
	GlobalSection(ExtensibilityGlobals) = postSolution
		SolutionGuid = {FBF06FFB-7524-4C63-A777-070AAAB01421}
	EndGlobalSection
EndGlobal
